
Microsoft Visual Studio Solution File, Format Version 12.00
# Visual Studio Version 17
VisualStudioVersion = 17.6.33829.357
MinimumVisualStudioVersion = 10.0.40219.1
Project("{9A19103F-16F7-4668-BE54-9A1E7A4F7556}") = "RemoteTaskManager", "RemoteTaskManager\RemoteTaskManager.csproj", "{0E03B179-D8AF-4130-B4B0-C50213C13C81}"
EndProject
Project("{2150E333-8FDC-42A3-9474-1A3956D46DE8}") = "Solution Items", "Solution Items", "{CBF75B73-B7C2-4B93-94BB-F36816127907}"
	ProjectSection(SolutionItems) = preProject
		.editorconfig = .editorconfig
	EndProjectSection
EndProject
Project("{54435603-DBB4-11D2-8724-00A0C9A8B90C}") = "Installer", "Installer\Installer.vdproj", "{947412CA-C038-4B85-9297-E1E9C37B4F4B}"
EndProject
Global
	GlobalSection(SolutionConfigurationPlatforms) = preSolution
		Debug|Any CPU = Debug|Any CPU
		Release|Any CPU = Release|Any CPU
	EndGlobalSection
	GlobalSection(ProjectConfigurationPlatforms) = postSolution
		{0E03B179-D8AF-4130-B4B0-C50213C13C81}.Debug|Any CPU.ActiveCfg = Debug|Any CPU
		{0E03B179-D8AF-4130-B4B0-C50213C13C81}.Debug|Any CPU.Build.0 = Debug|Any CPU
		{0E03B179-D8AF-4130-B4B0-C50213C13C81}.Release|Any CPU.ActiveCfg = Release|Any CPU
		{0E03B179-D8AF-4130-B4B0-C50213C13C81}.Release|Any CPU.Build.0 = Release|Any CPU
		{947412CA-C038-4B85-9297-E1E9C37B4F4B}.Debug|Any CPU.ActiveCfg = Debug
		{947412CA-C038-4B85-9297-E1E9C37B4F4B}.Release|Any CPU.ActiveCfg = Release
	EndGlobalSection
	GlobalSection(SolutionProperties) = preSolution
		HideSolutionNode = FALSE
	EndGlobalSection
	GlobalSection(ExtensibilityGlobals) = postSolution
		SolutionGuid = {489F0599-3534-4CF5-9D70-B06215215C4E}
	EndGlobalSection
EndGlobal
