
Microsoft Visual Studio Solution File, Format Version 12.00
# Visual Studio Version 17
VisualStudioVersion = 17.6.33829.357
MinimumVisualStudioVersion = 10.0.40219.1
Project("{9A19103F-16F7-4668-BE54-9A1E7A4F7556}") = "RemoteTaskManager", "RemoteTaskManager\RemoteTaskManager.csproj", "{0E03B179-D8AF-4130-B4B0-C50213C13C81}"
EndProject
Project("{2150E333-8FDC-42A3-9474-1A3956D46DE8}") = "Solution Items", "Solution Items", "{CBF75B73-B7C2-4B93-94BB-F36816127907}"
	ProjectSection(SolutionItems) = preProject
		.editorconfig = .editorconfig
	EndProjectSection
EndProject
Project("{54435603-DBB4-11D2-8724-00A0C9A8B90C}") = "Installer", "Installer\Installer.vdproj", "{947412CA-C038-4B85-9297-E1E9C37B4F4B}"
EndProject
Project("{C7167F0D-BC9F-4E6E-AFE1-012C56B48DB5}") = "Package", "Package\Package.wapproj", "{CA7F4B05-2A47-4484-BA85-93564D343E15}"
EndProject
Global
	GlobalSection(SolutionConfigurationPlatforms) = preSolution
		Debug|Any CPU = Debug|Any CPU
		Debug|ARM = Debug|ARM
		Debug|ARM64 = Debug|ARM64
		Debug|x64 = Debug|x64
		Debug|x86 = Debug|x86
		Release|Any CPU = Release|Any CPU
		Release|ARM = Release|ARM
		Release|ARM64 = Release|ARM64
		Release|x64 = Release|x64
		Release|x86 = Release|x86
	EndGlobalSection
	GlobalSection(ProjectConfigurationPlatforms) = postSolution
		{0E03B179-D8AF-4130-B4B0-C50213C13C81}.Debug|Any CPU.ActiveCfg = Debug|Any CPU
		{0E03B179-D8AF-4130-B4B0-C50213C13C81}.Debug|Any CPU.Build.0 = Debug|Any CPU
		{0E03B179-D8AF-4130-B4B0-C50213C13C81}.Debug|ARM.ActiveCfg = Debug|Any CPU
		{0E03B179-D8AF-4130-B4B0-C50213C13C81}.Debug|ARM.Build.0 = Debug|Any CPU
		{0E03B179-D8AF-4130-B4B0-C50213C13C81}.Debug|ARM64.ActiveCfg = Debug|Any CPU
		{0E03B179-D8AF-4130-B4B0-C50213C13C81}.Debug|ARM64.Build.0 = Debug|Any CPU
		{0E03B179-D8AF-4130-B4B0-C50213C13C81}.Debug|x64.ActiveCfg = Debug|Any CPU
		{0E03B179-D8AF-4130-B4B0-C50213C13C81}.Debug|x64.Build.0 = Debug|Any CPU
		{0E03B179-D8AF-4130-B4B0-C50213C13C81}.Debug|x86.ActiveCfg = Debug|Any CPU
		{0E03B179-D8AF-4130-B4B0-C50213C13C81}.Debug|x86.Build.0 = Debug|Any CPU
		{0E03B179-D8AF-4130-B4B0-C50213C13C81}.Release|Any CPU.ActiveCfg = Release|Any CPU
		{0E03B179-D8AF-4130-B4B0-C50213C13C81}.Release|Any CPU.Build.0 = Release|Any CPU
		{0E03B179-D8AF-4130-B4B0-C50213C13C81}.Release|ARM.ActiveCfg = Release|Any CPU
		{0E03B179-D8AF-4130-B4B0-C50213C13C81}.Release|ARM.Build.0 = Release|Any CPU
		{0E03B179-D8AF-4130-B4B0-C50213C13C81}.Release|ARM64.ActiveCfg = Release|Any CPU
		{0E03B179-D8AF-4130-B4B0-C50213C13C81}.Release|ARM64.Build.0 = Release|Any CPU
		{0E03B179-D8AF-4130-B4B0-C50213C13C81}.Release|x64.ActiveCfg = Release|Any CPU
		{0E03B179-D8AF-4130-B4B0-C50213C13C81}.Release|x64.Build.0 = Release|Any CPU
		{0E03B179-D8AF-4130-B4B0-C50213C13C81}.Release|x86.ActiveCfg = Release|Any CPU
		{0E03B179-D8AF-4130-B4B0-C50213C13C81}.Release|x86.Build.0 = Release|Any CPU
		{947412CA-C038-4B85-9297-E1E9C37B4F4B}.Debug|Any CPU.ActiveCfg = Debug
		{947412CA-C038-4B85-9297-E1E9C37B4F4B}.Debug|Any CPU.Build.0 = Debug
		{947412CA-C038-4B85-9297-E1E9C37B4F4B}.Debug|ARM.ActiveCfg = Debug
		{947412CA-C038-4B85-9297-E1E9C37B4F4B}.Debug|ARM.Build.0 = Debug
		{947412CA-C038-4B85-9297-E1E9C37B4F4B}.Debug|ARM64.ActiveCfg = Debug
		{947412CA-C038-4B85-9297-E1E9C37B4F4B}.Debug|ARM64.Build.0 = Debug
		{947412CA-C038-4B85-9297-E1E9C37B4F4B}.Debug|x64.ActiveCfg = Debug
		{947412CA-C038-4B85-9297-E1E9C37B4F4B}.Debug|x64.Build.0 = Debug
		{947412CA-C038-4B85-9297-E1E9C37B4F4B}.Debug|x86.ActiveCfg = Debug
		{947412CA-C038-4B85-9297-E1E9C37B4F4B}.Debug|x86.Build.0 = Debug
		{947412CA-C038-4B85-9297-E1E9C37B4F4B}.Release|Any CPU.ActiveCfg = Release
		{947412CA-C038-4B85-9297-E1E9C37B4F4B}.Release|Any CPU.Build.0 = Release
		{947412CA-C038-4B85-9297-E1E9C37B4F4B}.Release|ARM.ActiveCfg = Release
		{947412CA-C038-4B85-9297-E1E9C37B4F4B}.Release|ARM.Build.0 = Release
		{947412CA-C038-4B85-9297-E1E9C37B4F4B}.Release|ARM64.ActiveCfg = Release
		{947412CA-C038-4B85-9297-E1E9C37B4F4B}.Release|ARM64.Build.0 = Release
		{947412CA-C038-4B85-9297-E1E9C37B4F4B}.Release|x64.ActiveCfg = Release
		{947412CA-C038-4B85-9297-E1E9C37B4F4B}.Release|x64.Build.0 = Release
		{947412CA-C038-4B85-9297-E1E9C37B4F4B}.Release|x86.ActiveCfg = Release
		{947412CA-C038-4B85-9297-E1E9C37B4F4B}.Release|x86.Build.0 = Release
		{CA7F4B05-2A47-4484-BA85-93564D343E15}.Debug|Any CPU.ActiveCfg = Debug|Any CPU
		{CA7F4B05-2A47-4484-BA85-93564D343E15}.Debug|Any CPU.Build.0 = Debug|Any CPU
		{CA7F4B05-2A47-4484-BA85-93564D343E15}.Debug|Any CPU.Deploy.0 = Debug|Any CPU
		{CA7F4B05-2A47-4484-BA85-93564D343E15}.Debug|ARM.ActiveCfg = Debug|ARM
		{CA7F4B05-2A47-4484-BA85-93564D343E15}.Debug|ARM.Build.0 = Debug|ARM
		{CA7F4B05-2A47-4484-BA85-93564D343E15}.Debug|ARM.Deploy.0 = Debug|ARM
		{CA7F4B05-2A47-4484-BA85-93564D343E15}.Debug|ARM64.ActiveCfg = Debug|ARM64
		{CA7F4B05-2A47-4484-BA85-93564D343E15}.Debug|ARM64.Build.0 = Debug|ARM64
		{CA7F4B05-2A47-4484-BA85-93564D343E15}.Debug|ARM64.Deploy.0 = Debug|ARM64
		{CA7F4B05-2A47-4484-BA85-93564D343E15}.Debug|x64.ActiveCfg = Debug|x64
		{CA7F4B05-2A47-4484-BA85-93564D343E15}.Debug|x64.Build.0 = Debug|x64
		{CA7F4B05-2A47-4484-BA85-93564D343E15}.Debug|x64.Deploy.0 = Debug|x64
		{CA7F4B05-2A47-4484-BA85-93564D343E15}.Debug|x86.ActiveCfg = Debug|x86
		{CA7F4B05-2A47-4484-BA85-93564D343E15}.Debug|x86.Build.0 = Debug|x86
		{CA7F4B05-2A47-4484-BA85-93564D343E15}.Debug|x86.Deploy.0 = Debug|x86
		{CA7F4B05-2A47-4484-BA85-93564D343E15}.Release|Any CPU.ActiveCfg = Release|Any CPU
		{CA7F4B05-2A47-4484-BA85-93564D343E15}.Release|Any CPU.Build.0 = Release|Any CPU
		{CA7F4B05-2A47-4484-BA85-93564D343E15}.Release|Any CPU.Deploy.0 = Release|Any CPU
		{CA7F4B05-2A47-4484-BA85-93564D343E15}.Release|ARM.ActiveCfg = Release|ARM
		{CA7F4B05-2A47-4484-BA85-93564D343E15}.Release|ARM.Build.0 = Release|ARM
		{CA7F4B05-2A47-4484-BA85-93564D343E15}.Release|ARM.Deploy.0 = Release|ARM
		{CA7F4B05-2A47-4484-BA85-93564D343E15}.Release|ARM64.ActiveCfg = Release|ARM64
		{CA7F4B05-2A47-4484-BA85-93564D343E15}.Release|ARM64.Build.0 = Release|ARM64
		{CA7F4B05-2A47-4484-BA85-93564D343E15}.Release|ARM64.Deploy.0 = Release|ARM64
		{CA7F4B05-2A47-4484-BA85-93564D343E15}.Release|x64.ActiveCfg = Release|x64
		{CA7F4B05-2A47-4484-BA85-93564D343E15}.Release|x64.Build.0 = Release|x64
		{CA7F4B05-2A47-4484-BA85-93564D343E15}.Release|x64.Deploy.0 = Release|x64
		{CA7F4B05-2A47-4484-BA85-93564D343E15}.Release|x86.ActiveCfg = Release|x86
		{CA7F4B05-2A47-4484-BA85-93564D343E15}.Release|x86.Build.0 = Release|x86
		{CA7F4B05-2A47-4484-BA85-93564D343E15}.Release|x86.Deploy.0 = Release|x86
	EndGlobalSection
	GlobalSection(SolutionProperties) = preSolution
		HideSolutionNode = FALSE
	EndGlobalSection
	GlobalSection(ExtensibilityGlobals) = postSolution
		SolutionGuid = {489F0599-3534-4CF5-9D70-B06215215C4E}
	EndGlobalSection
EndGlobal
